
Microsoft Visual Studio Solution File, Format Version 12.00
# Visual Studio Version 16
VisualStudioVersion = 16.0.30621.155
MinimumVisualStudioVersion = 10.0.40219.1
Project("{FAE04EC0-301F-11D3-BF4B-00C04F79EFBC}") = "Hamn01nov", "Hamn01nov\Hamn01nov.csproj", "{A800DF63-C92D-419B-867C-392EA7F27E06}"
EndProject
Global
	GlobalSection(SolutionConfigurationPlatforms) = preSolution
		Debug|Any CPU = Debug|Any CPU
		Release|Any CPU = Release|Any CPU
	EndGlobalSection
	GlobalSection(ProjectConfigurationPlatforms) = postSolution
		{A800DF63-C92D-419B-867C-392EA7F27E06}.Debug|Any CPU.ActiveCfg = Debug|Any CPU
		{A800DF63-C92D-419B-867C-392EA7F27E06}.Debug|Any CPU.Build.0 = Debug|Any CPU
		{A800DF63-C92D-419B-867C-392EA7F27E06}.Release|Any CPU.ActiveCfg = Release|Any CPU
		{A800DF63-C92D-419B-867C-392EA7F27E06}.Release|Any CPU.Build.0 = Release|Any CPU
	EndGlobalSection
	GlobalSection(SolutionProperties) = preSolution
		HideSolutionNode = FALSE
	EndGlobalSection
	GlobalSection(ExtensibilityGlobals) = postSolution
		SolutionGuid = {DA8678BF-F41C-4409-A69D-34AAFC377877}
	EndGlobalSection
EndGlobal
